// !$*UTF8*$!
{
	archiveVersion = 1;
	classes = {
	};
	objectVersion = 50;
	objects = {

/* Begin PBXBuildFile section */
		07699EFC21EED67C000CCE91 /* GroupCell.swift in Sources */ = {isa = PBXBuildFile; fileRef = 07699EFB21EED67C000CCE91 /* GroupCell.swift */; };
		07699EFE21EEDAA3000CCE91 /* Group.swift in Sources */ = {isa = PBXBuildFile; fileRef = 07699EFD21EEDAA3000CCE91 /* Group.swift */; };
		07699F0021EEE26D000CCE91 /* GroupFeedCell.swift in Sources */ = {isa = PBXBuildFile; fileRef = 07699EFF21EEE26D000CCE91 /* GroupFeedCell.swift */; };
		07699F0221EF04CD000CCE91 /* GroupFeedVC.swift in Sources */ = {isa = PBXBuildFile; fileRef = 07699F0121EF04CD000CCE91 /* GroupFeedVC.swift */; };
		07699F0421EF295C000CCE91 /* UIVIewControllerExt.swift in Sources */ = {isa = PBXBuildFile; fileRef = 07699F0321EF295C000CCE91 /* UIVIewControllerExt.swift */; };
		076AA2AF21ED82E100B48CDE /* MeVC.swift in Sources */ = {isa = PBXBuildFile; fileRef = 076AA2AE21ED82E100B48CDE /* MeVC.swift */; };
		076AA2B121ED889900B48CDE /* CreatePostVC.swift in Sources */ = {isa = PBXBuildFile; fileRef = 076AA2B021ED889900B48CDE /* CreatePostVC.swift */; };
		076AA2B321ED90F000B48CDE /* UIViewExt.swift in Sources */ = {isa = PBXBuildFile; fileRef = 076AA2B221ED90F000B48CDE /* UIViewExt.swift */; };
		076AA2B521EDAEE000B48CDE /* FeedCell.swift in Sources */ = {isa = PBXBuildFile; fileRef = 076AA2B421EDAEE000B48CDE /* FeedCell.swift */; };
		076AA2B721EDB09700B48CDE /* Message.swift in Sources */ = {isa = PBXBuildFile; fileRef = 076AA2B621EDB09700B48CDE /* Message.swift */; };
		076AA2B921EDDA6200B48CDE /* CreateGroupsVC.swift in Sources */ = {isa = PBXBuildFile; fileRef = 076AA2B821EDDA6200B48CDE /* CreateGroupsVC.swift */; };
		076AA2BB21EDDE3800B48CDE /* UserCell.swift in Sources */ = {isa = PBXBuildFile; fileRef = 076AA2BA21EDDE3800B48CDE /* UserCell.swift */; };
		07C26D7421EC338400BB8C0B /* AppDelegate.swift in Sources */ = {isa = PBXBuildFile; fileRef = 07C26D7321EC338400BB8C0B /* AppDelegate.swift */; };
		07C26D7621EC338400BB8C0B /* FeedVC.swift in Sources */ = {isa = PBXBuildFile; fileRef = 07C26D7521EC338400BB8C0B /* FeedVC.swift */; };
		07C26D7821EC338400BB8C0B /* GroupsVC.swift in Sources */ = {isa = PBXBuildFile; fileRef = 07C26D7721EC338400BB8C0B /* GroupsVC.swift */; };
		07C26D7B21EC338400BB8C0B /* Main.storyboard in Resources */ = {isa = PBXBuildFile; fileRef = 07C26D7921EC338400BB8C0B /* Main.storyboard */; };
		07C26D7D21EC338400BB8C0B /* Assets.xcassets in Resources */ = {isa = PBXBuildFile; fileRef = 07C26D7C21EC338400BB8C0B /* Assets.xcassets */; };
		07C26D8021EC338400BB8C0B /* LaunchScreen.storyboard in Resources */ = {isa = PBXBuildFile; fileRef = 07C26D7E21EC338400BB8C0B /* LaunchScreen.storyboard */; };
		07C26D8D21EC362000BB8C0B /* GoogleService-Info.plist in Resources */ = {isa = PBXBuildFile; fileRef = 07C26D8C21EC362000BB8C0B /* GoogleService-Info.plist */; };
		07C26D8F21EC393C00BB8C0B /* DataService.swift in Sources */ = {isa = PBXBuildFile; fileRef = 07C26D8E21EC393C00BB8C0B /* DataService.swift */; };
		07C26D9121EC692F00BB8C0B /* AuthVC.swift in Sources */ = {isa = PBXBuildFile; fileRef = 07C26D9021EC692F00BB8C0B /* AuthVC.swift */; };
		07C26D9321EC698500BB8C0B /* LoginVC.swift in Sources */ = {isa = PBXBuildFile; fileRef = 07C26D9221EC698500BB8C0B /* LoginVC.swift */; };
		07C26D9521EC69E200BB8C0B /* InsetTextField.swift in Sources */ = {isa = PBXBuildFile; fileRef = 07C26D9421EC69E200BB8C0B /* InsetTextField.swift */; };
		07C26D9721EC6D5200BB8C0B /* ShadowView.swift in Sources */ = {isa = PBXBuildFile; fileRef = 07C26D9621EC6D5200BB8C0B /* ShadowView.swift */; };
		07C26D9921EC6F2F00BB8C0B /* AuthService.swift in Sources */ = {isa = PBXBuildFile; fileRef = 07C26D9821EC6F2F00BB8C0B /* AuthService.swift */; };
		A303DC3C12671ED40F50D5A3 /* Pods_BreakPoint.framework in Frameworks */ = {isa = PBXBuildFile; fileRef = 518FCB672D81C0C5E4BE2047 /* Pods_BreakPoint.framework */; };
/* End PBXBuildFile section */

/* Begin PBXFileReference section */
		07699EFB21EED67C000CCE91 /* GroupCell.swift */ = {isa = PBXFileReference; lastKnownFileType = sourcecode.swift; path = GroupCell.swift; sourceTree = "<group>"; };
		07699EFD21EEDAA3000CCE91 /* Group.swift */ = {isa = PBXFileReference; lastKnownFileType = sourcecode.swift; path = Group.swift; sourceTree = "<group>"; };
		07699EFF21EEE26D000CCE91 /* GroupFeedCell.swift */ = {isa = PBXFileReference; lastKnownFileType = sourcecode.swift; path = GroupFeedCell.swift; sourceTree = "<group>"; };
		07699F0121EF04CD000CCE91 /* GroupFeedVC.swift */ = {isa = PBXFileReference; lastKnownFileType = sourcecode.swift; path = GroupFeedVC.swift; sourceTree = "<group>"; };
		07699F0321EF295C000CCE91 /* UIVIewControllerExt.swift */ = {isa = PBXFileReference; lastKnownFileType = sourcecode.swift; path = UIVIewControllerExt.swift; sourceTree = "<group>"; };
		076AA2AE21ED82E100B48CDE /* MeVC.swift */ = {isa = PBXFileReference; lastKnownFileType = sourcecode.swift; path = MeVC.swift; sourceTree = "<group>"; };
		076AA2B021ED889900B48CDE /* CreatePostVC.swift */ = {isa = PBXFileReference; lastKnownFileType = sourcecode.swift; path = CreatePostVC.swift; sourceTree = "<group>"; };
		076AA2B221ED90F000B48CDE /* UIViewExt.swift */ = {isa = PBXFileReference; lastKnownFileType = sourcecode.swift; path = UIViewExt.swift; sourceTree = "<group>"; };
		076AA2B421EDAEE000B48CDE /* FeedCell.swift */ = {isa = PBXFileReference; lastKnownFileType = sourcecode.swift; path = FeedCell.swift; sourceTree = "<group>"; };
		076AA2B621EDB09700B48CDE /* Message.swift */ = {isa = PBXFileReference; lastKnownFileType = sourcecode.swift; path = Message.swift; sourceTree = "<group>"; };
		076AA2B821EDDA6200B48CDE /* CreateGroupsVC.swift */ = {isa = PBXFileReference; lastKnownFileType = sourcecode.swift; path = CreateGroupsVC.swift; sourceTree = "<group>"; };
		076AA2BA21EDDE3800B48CDE /* UserCell.swift */ = {isa = PBXFileReference; lastKnownFileType = sourcecode.swift; path = UserCell.swift; sourceTree = "<group>"; };
		07C26D7021EC338400BB8C0B /* BreakPoint.app */ = {isa = PBXFileReference; explicitFileType = wrapper.application; includeInIndex = 0; path = BreakPoint.app; sourceTree = BUILT_PRODUCTS_DIR; };
		07C26D7321EC338400BB8C0B /* AppDelegate.swift */ = {isa = PBXFileReference; lastKnownFileType = sourcecode.swift; path = AppDelegate.swift; sourceTree = "<group>"; };
		07C26D7521EC338400BB8C0B /* FeedVC.swift */ = {isa = PBXFileReference; lastKnownFileType = sourcecode.swift; path = FeedVC.swift; sourceTree = "<group>"; };
		07C26D7721EC338400BB8C0B /* GroupsVC.swift */ = {isa = PBXFileReference; lastKnownFileType = sourcecode.swift; path = GroupsVC.swift; sourceTree = "<group>"; };
		07C26D7A21EC338400BB8C0B /* Base */ = {isa = PBXFileReference; lastKnownFileType = file.storyboard; name = Base; path = Base.lproj/Main.storyboard; sourceTree = "<group>"; };
		07C26D7C21EC338400BB8C0B /* Assets.xcassets */ = {isa = PBXFileReference; lastKnownFileType = folder.assetcatalog; path = Assets.xcassets; sourceTree = "<group>"; };
		07C26D7F21EC338400BB8C0B /* Base */ = {isa = PBXFileReference; lastKnownFileType = file.storyboard; name = Base; path = Base.lproj/LaunchScreen.storyboard; sourceTree = "<group>"; };
		07C26D8121EC338400BB8C0B /* Info.plist */ = {isa = PBXFileReference; lastKnownFileType = text.plist.xml; path = Info.plist; sourceTree = "<group>"; };
		07C26D8C21EC362000BB8C0B /* GoogleService-Info.plist */ = {isa = PBXFileReference; fileEncoding = 4; lastKnownFileType = text.plist.xml; path = "GoogleService-Info.plist"; sourceTree = "<group>"; };
		07C26D8E21EC393C00BB8C0B /* DataService.swift */ = {isa = PBXFileReference; lastKnownFileType = sourcecode.swift; path = DataService.swift; sourceTree = "<group>"; };
		07C26D9021EC692F00BB8C0B /* AuthVC.swift */ = {isa = PBXFileReference; lastKnownFileType = sourcecode.swift; path = AuthVC.swift; sourceTree = "<group>"; };
		07C26D9221EC698500BB8C0B /* LoginVC.swift */ = {isa = PBXFileReference; lastKnownFileType = sourcecode.swift; path = LoginVC.swift; sourceTree = "<group>"; };
		07C26D9421EC69E200BB8C0B /* InsetTextField.swift */ = {isa = PBXFileReference; lastKnownFileType = sourcecode.swift; path = InsetTextField.swift; sourceTree = "<group>"; };
		07C26D9621EC6D5200BB8C0B /* ShadowView.swift */ = {isa = PBXFileReference; lastKnownFileType = sourcecode.swift; path = ShadowView.swift; sourceTree = "<group>"; };
		07C26D9821EC6F2F00BB8C0B /* AuthService.swift */ = {isa = PBXFileReference; lastKnownFileType = sourcecode.swift; path = AuthService.swift; sourceTree = "<group>"; };
		518FCB672D81C0C5E4BE2047 /* Pods_BreakPoint.framework */ = {isa = PBXFileReference; explicitFileType = wrapper.framework; includeInIndex = 0; path = Pods_BreakPoint.framework; sourceTree = BUILT_PRODUCTS_DIR; };
		A7C355C57D8114B21E2E8D48 /* Pods-BreakPoint.release.xcconfig */ = {isa = PBXFileReference; includeInIndex = 1; lastKnownFileType = text.xcconfig; name = "Pods-BreakPoint.release.xcconfig"; path = "Pods/Target Support Files/Pods-BreakPoint/Pods-BreakPoint.release.xcconfig"; sourceTree = "<group>"; };
		F05B684053A8B267A1458E7C /* Pods-BreakPoint.debug.xcconfig */ = {isa = PBXFileReference; includeInIndex = 1; lastKnownFileType = text.xcconfig; name = "Pods-BreakPoint.debug.xcconfig"; path = "Pods/Target Support Files/Pods-BreakPoint/Pods-BreakPoint.debug.xcconfig"; sourceTree = "<group>"; };
/* End PBXFileReference section */

/* Begin PBXFrameworksBuildPhase section */
		07C26D6D21EC338400BB8C0B /* Frameworks */ = {
			isa = PBXFrameworksBuildPhase;
			buildActionMask = 2147483647;
			files = (
				A303DC3C12671ED40F50D5A3 /* Pods_BreakPoint.framework in Frameworks */,
			);
			runOnlyForDeploymentPostprocessing = 0;
		};
/* End PBXFrameworksBuildPhase section */

/* Begin PBXGroup section */
		07C26D6721EC338400BB8C0B = {
			isa = PBXGroup;
			children = (
				07C26D7221EC338400BB8C0B /* BreakPoint */,
				07C26D7121EC338400BB8C0B /* Products */,
				452FEEE142D07500F870EC3A /* Pods */,
				5974C58E8F916346BD7E23C5 /* Frameworks */,
			);
			sourceTree = "<group>";
		};
		07C26D7121EC338400BB8C0B /* Products */ = {
			isa = PBXGroup;
			children = (
				07C26D7021EC338400BB8C0B /* BreakPoint.app */,
			);
			name = Products;
			sourceTree = "<group>";
		};
		07C26D7221EC338400BB8C0B /* BreakPoint */ = {
			isa = PBXGroup;
			children = (
				07C26D8B21EC349600BB8C0B /* Services */,
				07C26D8A21EC346C00BB8C0B /* Extensions */,
				07C26D8921EC345700BB8C0B /* Model */,
				07C26D8821EC344D00BB8C0B /* View */,
				07C26D8721EC343200BB8C0B /* Controller */,
				07C26D7321EC338400BB8C0B /* AppDelegate.swift */,
				07C26D7921EC338400BB8C0B /* Main.storyboard */,
				07C26D7C21EC338400BB8C0B /* Assets.xcassets */,
				07C26D7E21EC338400BB8C0B /* LaunchScreen.storyboard */,
				07C26D8121EC338400BB8C0B /* Info.plist */,
				07C26D8C21EC362000BB8C0B /* GoogleService-Info.plist */,
			);
			path = BreakPoint;
			sourceTree = "<group>";
		};
		07C26D8721EC343200BB8C0B /* Controller */ = {
			isa = PBXGroup;
			children = (
				07C26D7521EC338400BB8C0B /* FeedVC.swift */,
				07C26D7721EC338400BB8C0B /* GroupsVC.swift */,
				07C26D9021EC692F00BB8C0B /* AuthVC.swift */,
				07C26D9221EC698500BB8C0B /* LoginVC.swift */,
				076AA2AE21ED82E100B48CDE /* MeVC.swift */,
				076AA2B021ED889900B48CDE /* CreatePostVC.swift */,
				076AA2B821EDDA6200B48CDE /* CreateGroupsVC.swift */,
				07699F0121EF04CD000CCE91 /* GroupFeedVC.swift */,
			);
			path = Controller;
			sourceTree = "<group>";
		};
		07C26D8821EC344D00BB8C0B /* View */ = {
			isa = PBXGroup;
			children = (
				07C26D9421EC69E200BB8C0B /* InsetTextField.swift */,
				07C26D9621EC6D5200BB8C0B /* ShadowView.swift */,
				076AA2B421EDAEE000B48CDE /* FeedCell.swift */,
				076AA2BA21EDDE3800B48CDE /* UserCell.swift */,
				07699EFB21EED67C000CCE91 /* GroupCell.swift */,
				07699EFF21EEE26D000CCE91 /* GroupFeedCell.swift */,
			);
			path = View;
			sourceTree = "<group>";
		};
		07C26D8921EC345700BB8C0B /* Model */ = {
			isa = PBXGroup;
			children = (
				076AA2B621EDB09700B48CDE /* Message.swift */,
				07699EFD21EEDAA3000CCE91 /* Group.swift */,
			);
			path = Model;
			sourceTree = "<group>";
		};
		07C26D8A21EC346C00BB8C0B /* Extensions */ = {
			isa = PBXGroup;
			children = (
				076AA2B221ED90F000B48CDE /* UIViewExt.swift */,
				07699F0321EF295C000CCE91 /* UIVIewControllerExt.swift */,
			);
			path = Extensions;
			sourceTree = "<group>";
		};
		07C26D8B21EC349600BB8C0B /* Services */ = {
			isa = PBXGroup;
			children = (
				07C26D8E21EC393C00BB8C0B /* DataService.swift */,
				07C26D9821EC6F2F00BB8C0B /* AuthService.swift */,
			);
			path = Services;
			sourceTree = "<group>";
		};
		452FEEE142D07500F870EC3A /* Pods */ = {
			isa = PBXGroup;
			children = (
				F05B684053A8B267A1458E7C /* Pods-BreakPoint.debug.xcconfig */,
				A7C355C57D8114B21E2E8D48 /* Pods-BreakPoint.release.xcconfig */,
			);
			name = Pods;
			sourceTree = "<group>";
		};
		5974C58E8F916346BD7E23C5 /* Frameworks */ = {
			isa = PBXGroup;
			children = (
				518FCB672D81C0C5E4BE2047 /* Pods_BreakPoint.framework */,
			);
			name = Frameworks;
			sourceTree = "<group>";
		};
/* End PBXGroup section */

/* Begin PBXNativeTarget section */
		07C26D6F21EC338400BB8C0B /* BreakPoint */ = {
			isa = PBXNativeTarget;
			buildConfigurationList = 07C26D8421EC338400BB8C0B /* Build configuration list for PBXNativeTarget "BreakPoint" */;
			buildPhases = (
				91B544D22CC58D7BAC7AE7E0 /* [CP] Check Pods Manifest.lock */,
				07C26D6C21EC338400BB8C0B /* Sources */,
				07C26D6D21EC338400BB8C0B /* Frameworks */,
				07C26D6E21EC338400BB8C0B /* Resources */,
				59548D9409E5E23EFC87A224 /* [CP] Embed Pods Frameworks */,
			);
			buildRules = (
			);
			dependencies = (
			);
			name = BreakPoint;
			productName = BreakPoint;
			productReference = 07C26D7021EC338400BB8C0B /* BreakPoint.app */;
			productType = "com.apple.product-type.application";
		};
/* End PBXNativeTarget section */

/* Begin PBXProject section */
		07C26D6821EC338400BB8C0B /* Project object */ = {
			isa = PBXProject;
			attributes = {
				LastSwiftUpdateCheck = 0940;
				LastUpgradeCheck = 0940;
				ORGANIZATIONNAME = "Jeffrey Umandap";
				TargetAttributes = {
					07C26D6F21EC338400BB8C0B = {
						CreatedOnToolsVersion = 9.4.1;
					};
				};
			};
			buildConfigurationList = 07C26D6B21EC338400BB8C0B /* Build configuration list for PBXProject "BreakPoint" */;
			compatibilityVersion = "Xcode 9.3";
			developmentRegion = en;
			hasScannedForEncodings = 0;
			knownRegions = (
				en,
				Base,
			);
			mainGroup = 07C26D6721EC338400BB8C0B;
			productRefGroup = 07C26D7121EC338400BB8C0B /* Products */;
			projectDirPath = "";
			projectRoot = "";
			targets = (
				07C26D6F21EC338400BB8C0B /* BreakPoint */,
			);
		};
/* End PBXProject section */

/* Begin PBXResourcesBuildPhase section */
		07C26D6E21EC338400BB8C0B /* Resources */ = {
			isa = PBXResourcesBuildPhase;
			buildActionMask = 2147483647;
			files = (
				07C26D8021EC338400BB8C0B /* LaunchScreen.storyboard in Resources */,
				07C26D8D21EC362000BB8C0B /* GoogleService-Info.plist in Resources */,
				07C26D7D21EC338400BB8C0B /* Assets.xcassets in Resources */,
				07C26D7B21EC338400BB8C0B /* Main.storyboard in Resources */,
			);
			runOnlyForDeploymentPostprocessing = 0;
		};
/* End PBXResourcesBuildPhase section */

/* Begin PBXShellScriptBuildPhase section */
		59548D9409E5E23EFC87A224 /* [CP] Embed Pods Frameworks */ = {
			isa = PBXShellScriptBuildPhase;
			buildActionMask = 2147483647;
			files = (
			);
			inputPaths = (
				"${SRCROOT}/Pods/Target Support Files/Pods-BreakPoint/Pods-BreakPoint-frameworks.sh",
				"${BUILT_PRODUCTS_DIR}/GTMSessionFetcher/GTMSessionFetcher.framework",
				"${BUILT_PRODUCTS_DIR}/GoogleUtilities/GoogleUtilities.framework",
				"${BUILT_PRODUCTS_DIR}/leveldb-library/leveldb.framework",
				"${BUILT_PRODUCTS_DIR}/nanopb/nanopb.framework",
			);
			name = "[CP] Embed Pods Frameworks";
			outputPaths = (
				"${TARGET_BUILD_DIR}/${FRAMEWORKS_FOLDER_PATH}/GTMSessionFetcher.framework",
				"${TARGET_BUILD_DIR}/${FRAMEWORKS_FOLDER_PATH}/GoogleUtilities.framework",
				"${TARGET_BUILD_DIR}/${FRAMEWORKS_FOLDER_PATH}/leveldb.framework",
				"${TARGET_BUILD_DIR}/${FRAMEWORKS_FOLDER_PATH}/nanopb.framework",
			);
			runOnlyForDeploymentPostprocessing = 0;
			shellPath = /bin/sh;
			shellScript = "\"${SRCROOT}/Pods/Target Support Files/Pods-BreakPoint/Pods-BreakPoint-frameworks.sh\"\n";
			showEnvVarsInLog = 0;
		};
		91B544D22CC58D7BAC7AE7E0 /* [CP] Check Pods Manifest.lock */ = {
			isa = PBXShellScriptBuildPhase;
			buildActionMask = 2147483647;
			files = (
			);
			inputPaths = (
				"${PODS_PODFILE_DIR_PATH}/Podfile.lock",
				"${PODS_ROOT}/Manifest.lock",
			);
			name = "[CP] Check Pods Manifest.lock";
			outputPaths = (
				"$(DERIVED_FILE_DIR)/Pods-BreakPoint-checkManifestLockResult.txt",
			);
			runOnlyForDeploymentPostprocessing = 0;
			shellPath = /bin/sh;
			shellScript = "diff \"${PODS_PODFILE_DIR_PATH}/Podfile.lock\" \"${PODS_ROOT}/Manifest.lock\" > /dev/null\nif [ $? != 0 ] ; then\n    # print error to STDERR\n    echo \"error: The sandbox is not in sync with the Podfile.lock. Run 'pod install' or update your CocoaPods installation.\" >&2\n    exit 1\nfi\n# This output is used by Xcode 'outputs' to avoid re-running this script phase.\necho \"SUCCESS\" > \"${SCRIPT_OUTPUT_FILE_0}\"\n";
			showEnvVarsInLog = 0;
		};
/* End PBXShellScriptBuildPhase section */

/* Begin PBXSourcesBuildPhase section */
		07C26D6C21EC338400BB8C0B /* Sources */ = {
			isa = PBXSourcesBuildPhase;
			buildActionMask = 2147483647;
			files = (
				076AA2B321ED90F000B48CDE /* UIViewExt.swift in Sources */,
				07699F0421EF295C000CCE91 /* UIVIewControllerExt.swift in Sources */,
				076AA2B521EDAEE000B48CDE /* FeedCell.swift in Sources */,
				076AA2AF21ED82E100B48CDE /* MeVC.swift in Sources */,
				07699EFC21EED67C000CCE91 /* GroupCell.swift in Sources */,
				07C26D9121EC692F00BB8C0B /* AuthVC.swift in Sources */,
				07C26D7821EC338400BB8C0B /* GroupsVC.swift in Sources */,
				07699F0221EF04CD000CCE91 /* GroupFeedVC.swift in Sources */,
				07699F0021EEE26D000CCE91 /* GroupFeedCell.swift in Sources */,
				07C26D9321EC698500BB8C0B /* LoginVC.swift in Sources */,
				07C26D9921EC6F2F00BB8C0B /* AuthService.swift in Sources */,
				076AA2B921EDDA6200B48CDE /* CreateGroupsVC.swift in Sources */,
				07699EFE21EEDAA3000CCE91 /* Group.swift in Sources */,
				076AA2BB21EDDE3800B48CDE /* UserCell.swift in Sources */,
				07C26D7421EC338400BB8C0B /* AppDelegate.swift in Sources */,
				07C26D9721EC6D5200BB8C0B /* ShadowView.swift in Sources */,
				076AA2B121ED889900B48CDE /* CreatePostVC.swift in Sources */,
				07C26D7621EC338400BB8C0B /* FeedVC.swift in Sources */,
				07C26D9521EC69E200BB8C0B /* InsetTextField.swift in Sources */,
				07C26D8F21EC393C00BB8C0B /* DataService.swift in Sources */,
				076AA2B721EDB09700B48CDE /* Message.swift in Sources */,
			);
			runOnlyForDeploymentPostprocessing = 0;
		};
/* End PBXSourcesBuildPhase section */

/* Begin PBXVariantGroup section */
		07C26D7921EC338400BB8C0B /* Main.storyboard */ = {
			isa = PBXVariantGroup;
			children = (
				07C26D7A21EC338400BB8C0B /* Base */,
			);
			name = Main.storyboard;
			sourceTree = "<group>";
		};
		07C26D7E21EC338400BB8C0B /* LaunchScreen.storyboard */ = {
			isa = PBXVariantGroup;
			children = (
				07C26D7F21EC338400BB8C0B /* Base */,
			);
			name = LaunchScreen.storyboard;
			sourceTree = "<group>";
		};
/* End PBXVariantGroup section */

/* Begin XCBuildConfiguration section */
		07C26D8221EC338400BB8C0B /* Debug */ = {
			isa = XCBuildConfiguration;
			buildSettings = {
				ALWAYS_SEARCH_USER_PATHS = NO;
				CLANG_ANALYZER_NONNULL = YES;
				CLANG_ANALYZER_NUMBER_OBJECT_CONVERSION = YES_AGGRESSIVE;
				CLANG_CXX_LANGUAGE_STANDARD = "gnu++14";
				CLANG_CXX_LIBRARY = "libc++";
				CLANG_ENABLE_MODULES = YES;
				CLANG_ENABLE_OBJC_ARC = YES;
				CLANG_ENABLE_OBJC_WEAK = YES;
				CLANG_WARN_BLOCK_CAPTURE_AUTORELEASING = YES;
				CLANG_WARN_BOOL_CONVERSION = YES;
				CLANG_WARN_COMMA = YES;
				CLANG_WARN_CONSTANT_CONVERSION = YES;
				CLANG_WARN_DEPRECATED_OBJC_IMPLEMENTATIONS = YES;
				CLANG_WARN_DIRECT_OBJC_ISA_USAGE = YES_ERROR;
				CLANG_WARN_DOCUMENTATION_COMMENTS = YES;
				CLANG_WARN_EMPTY_BODY = YES;
				CLANG_WARN_ENUM_CONVERSION = YES;
				CLANG_WARN_INFINITE_RECURSION = YES;
				CLANG_WARN_INT_CONVERSION = YES;
				CLANG_WARN_NON_LITERAL_NULL_CONVERSION = YES;
				CLANG_WARN_OBJC_IMPLICIT_RETAIN_SELF = YES;
				CLANG_WARN_OBJC_LITERAL_CONVERSION = YES;
				CLANG_WARN_OBJC_ROOT_CLASS = YES_ERROR;
				CLANG_WARN_RANGE_LOOP_ANALYSIS = YES;
				CLANG_WARN_STRICT_PROTOTYPES = YES;
				CLANG_WARN_SUSPICIOUS_MOVE = YES;
				CLANG_WARN_UNGUARDED_AVAILABILITY = YES_AGGRESSIVE;
				CLANG_WARN_UNREACHABLE_CODE = YES;
				CLANG_WARN__DUPLICATE_METHOD_MATCH = YES;
				CODE_SIGN_IDENTITY = "iPhone Developer";
				COPY_PHASE_STRIP = NO;
				DEBUG_INFORMATION_FORMAT = dwarf;
				ENABLE_STRICT_OBJC_MSGSEND = YES;
				ENABLE_TESTABILITY = YES;
				GCC_C_LANGUAGE_STANDARD = gnu11;
				GCC_DYNAMIC_NO_PIC = NO;
				GCC_NO_COMMON_BLOCKS = YES;
				GCC_OPTIMIZATION_LEVEL = 0;
				GCC_PREPROCESSOR_DEFINITIONS = (
					"DEBUG=1",
					"$(inherited)",
				);
				GCC_WARN_64_TO_32_BIT_CONVERSION = YES;
				GCC_WARN_ABOUT_RETURN_TYPE = YES_ERROR;
				GCC_WARN_UNDECLARED_SELECTOR = YES;
				GCC_WARN_UNINITIALIZED_AUTOS = YES_AGGRESSIVE;
				GCC_WARN_UNUSED_FUNCTION = YES;
				GCC_WARN_UNUSED_VARIABLE = YES;
				IPHONEOS_DEPLOYMENT_TARGET = 11.4;
				MTL_ENABLE_DEBUG_INFO = YES;
				ONLY_ACTIVE_ARCH = YES;
				SDKROOT = iphoneos;
				SWIFT_ACTIVE_COMPILATION_CONDITIONS = DEBUG;
				SWIFT_OPTIMIZATION_LEVEL = "-Onone";
			};
			name = Debug;
		};
		07C26D8321EC338400BB8C0B /* Release */ = {
			isa = XCBuildConfiguration;
			buildSettings = {
				ALWAYS_SEARCH_USER_PATHS = NO;
				CLANG_ANALYZER_NONNULL = YES;
				CLANG_ANALYZER_NUMBER_OBJECT_CONVERSION = YES_AGGRESSIVE;
				CLANG_CXX_LANGUAGE_STANDARD = "gnu++14";
				CLANG_CXX_LIBRARY = "libc++";
				CLANG_ENABLE_MODULES = YES;
				CLANG_ENABLE_OBJC_ARC = YES;
				CLANG_ENABLE_OBJC_WEAK = YES;
				CLANG_WARN_BLOCK_CAPTURE_AUTORELEASING = YES;
				CLANG_WARN_BOOL_CONVERSION = YES;
				CLANG_WARN_COMMA = YES;
				CLANG_WARN_CONSTANT_CONVERSION = YES;
				CLANG_WARN_DEPRECATED_OBJC_IMPLEMENTATIONS = YES;
				CLANG_WARN_DIRECT_OBJC_ISA_USAGE = YES_ERROR;
				CLANG_WARN_DOCUMENTATION_COMMENTS = YES;
				CLANG_WARN_EMPTY_BODY = YES;
				CLANG_WARN_ENUM_CONVERSION = YES;
				CLANG_WARN_INFINITE_RECURSION = YES;
				CLANG_WARN_INT_CONVERSION = YES;
				CLANG_WARN_NON_LITERAL_NULL_CONVERSION = YES;
				CLANG_WARN_OBJC_IMPLICIT_RETAIN_SELF = YES;
				CLANG_WARN_OBJC_LITERAL_CONVERSION = YES;
				CLANG_WARN_OBJC_ROOT_CLASS = YES_ERROR;
				CLANG_WARN_RANGE_LOOP_ANALYSIS = YES;
				CLANG_WARN_STRICT_PROTOTYPES = YES;
				CLANG_WARN_SUSPICIOUS_MOVE = YES;
				CLANG_WARN_UNGUARDED_AVAILABILITY = YES_AGGRESSIVE;
				CLANG_WARN_UNREACHABLE_CODE = YES;
				CLANG_WARN__DUPLICATE_METHOD_MATCH = YES;
				CODE_SIGN_IDENTITY = "iPhone Developer";
				COPY_PHASE_STRIP = NO;
				DEBUG_INFORMATION_FORMAT = "dwarf-with-dsym";
				ENABLE_NS_ASSERTIONS = NO;
				ENABLE_STRICT_OBJC_MSGSEND = YES;
				GCC_C_LANGUAGE_STANDARD = gnu11;
				GCC_NO_COMMON_BLOCKS = YES;
				GCC_WARN_64_TO_32_BIT_CONVERSION = YES;
				GCC_WARN_ABOUT_RETURN_TYPE = YES_ERROR;
				GCC_WARN_UNDECLARED_SELECTOR = YES;
				GCC_WARN_UNINITIALIZED_AUTOS = YES_AGGRESSIVE;
				GCC_WARN_UNUSED_FUNCTION = YES;
				GCC_WARN_UNUSED_VARIABLE = YES;
				IPHONEOS_DEPLOYMENT_TARGET = 11.4;
				MTL_ENABLE_DEBUG_INFO = NO;
				SDKROOT = iphoneos;
				SWIFT_COMPILATION_MODE = wholemodule;
				SWIFT_OPTIMIZATION_LEVEL = "-O";
				VALIDATE_PRODUCT = YES;
			};
			name = Release;
		};
		07C26D8521EC338400BB8C0B /* Debug */ = {
			isa = XCBuildConfiguration;
			baseConfigurationReference = F05B684053A8B267A1458E7C /* Pods-BreakPoint.debug.xcconfig */;
			buildSettings = {
				ASSETCATALOG_COMPILER_APPICON_NAME = AppIcon;
				CODE_SIGN_STYLE = Automatic;
				DEVELOPMENT_TEAM = 7AG6G2N4Y4;
				INFOPLIST_FILE = BreakPoint/Info.plist;
				LD_RUNPATH_SEARCH_PATHS = (
					"$(inherited)",
					"@executable_path/Frameworks",
				);
				PRODUCT_BUNDLE_IDENTIFIER = com.jumandap.BreakPoint;
				PRODUCT_NAME = "$(TARGET_NAME)";
				SWIFT_VERSION = 4.0;
				TARGETED_DEVICE_FAMILY = "1,2";
			};
			name = Debug;
		};
		07C26D8621EC338400BB8C0B /* Release */ = {
			isa = XCBuildConfiguration;
			baseConfigurationReference = A7C355C57D8114B21E2E8D48 /* Pods-BreakPoint.release.xcconfig */;
			buildSettings = {
				ASSETCATALOG_COMPILER_APPICON_NAME = AppIcon;
				CODE_SIGN_STYLE = Automatic;
				DEVELOPMENT_TEAM = 7AG6G2N4Y4;
				INFOPLIST_FILE = BreakPoint/Info.plist;
				LD_RUNPATH_SEARCH_PATHS = (
					"$(inherited)",
					"@executable_path/Frameworks",
				);
				PRODUCT_BUNDLE_IDENTIFIER = com.jumandap.BreakPoint;
				PRODUCT_NAME = "$(TARGET_NAME)";
				SWIFT_VERSION = 4.0;
				TARGETED_DEVICE_FAMILY = "1,2";
			};
			name = Release;
		};
/* End XCBuildConfiguration section */

/* Begin XCConfigurationList section */
		07C26D6B21EC338400BB8C0B /* Build configuration list for PBXProject "BreakPoint" */ = {
			isa = XCConfigurationList;
			buildConfigurations = (
				07C26D8221EC338400BB8C0B /* Debug */,
				07C26D8321EC338400BB8C0B /* Release */,
			);
			defaultConfigurationIsVisible = 0;
			defaultConfigurationName = Release;
		};
		07C26D8421EC338400BB8C0B /* Build configuration list for PBXNativeTarget "BreakPoint" */ = {
			isa = XCConfigurationList;
			buildConfigurations = (
				07C26D8521EC338400BB8C0B /* Debug */,
				07C26D8621EC338400BB8C0B /* Release */,
			);
			defaultConfigurationIsVisible = 0;
			defaultConfigurationName = Release;
		};
/* End XCConfigurationList section */
	};
	rootObject = 07C26D6821EC338400BB8C0B /* Project object */;
}
